<?xml version="1.0" encoding="utf-8"?>
<Project ToolsVersion="4.0" xmlns="http://schemas.microsoft.com/developer/msbuild/2003">
  <ItemGroup>
    <Filter Include="Source Files">
      <UniqueIdentifier>{4FC737F1-C7A5-4376-A066-2A32D752A2FF}</UniqueIdentifier>
      <Extensions>cpp;c;cc;cxx;c++;cppm;ixx;def;odl;idl;hpj;bat;asm;asmx</Extensions>
    </Filter>
    <Filter Include="Resource Files">
      <UniqueIdentifier>{67DA6AB6-F800-4c08-8B7A-83BB121AAD01}</UniqueIdentifier>
      <Extensions>rc;ico;cur;bmp;dlg;rc2;rct;bin;rgs;gif;jpg;jpeg;jpe;resx;tiff;tif;png;wav;mfcribbon-ms</Extensions>
    </Filter>
    <Filter Include="Source Files\Engine">
      <UniqueIdentifier>{c8951205-d1bd-4e59-bc80-e80518e23e97}</UniqueIdentifier>
    </Filter>
    <Filter Include="Source Files\Engine\Graphics">
      <UniqueIdentifier>{1cee3f7b-64f1-4ba9-89a4-d6faad792ed8}</UniqueIdentifier>
    </Filter>
    <Filter Include="Source Files\Stubs">
      <UniqueIdentifier>{031acc3e-eeac-4070-94d0-dc3f01d5b4d0}</UniqueIdentifier>
    </Filter>
    <Filter Include="Source Files\Windows">
      <UniqueIdentifier>{fc739bc9-938a-4aae-8bb0-7e43acf4a884}</UniqueIdentifier>
    </Filter>
    <Filter Include="Source Files\Engine\Systems">
      <UniqueIdentifier>{bdf589db-d52b-49ab-bdb3-e35bd0c1fbc1}</UniqueIdentifier>
    </Filter>
    <Filter Include="Source Files\Engine\Systems\Logger">
      <UniqueIdentifier>{fc6101a2-568d-4186-afbc-00e95b204538}</UniqueIdentifier>
    </Filter>
    <Filter Include="Source Files\Shaders">
      <UniqueIdentifier>{77f14f4a-ca1d-45b9-b42b-0bf263422a44}</UniqueIdentifier>
    </Filter>
    <Filter Include="Source Files\Game">
      <UniqueIdentifier>{45c95cda-6539-4c13-b1d1-53d9004c1af0}</UniqueIdentifier>
    </Filter>
    <Filter Include="Source Files\Engine\Math">
      <UniqueIdentifier>{2c385dd1-ee6e-42be-8806-f0cf63ba299c}</UniqueIdentifier>
    </Filter>
    <Filter Include="Source Files\Engine\Entity">
      <UniqueIdentifier>{b342b666-74d3-4086-8807-18915fed2391}</UniqueIdentifier>
    </Filter>
    <Filter Include="Source Files\Engine\Systems\Parsing">
      <UniqueIdentifier>{44fc5b3f-eaea-47ac-9ded-cef38ebf0b53}</UniqueIdentifier>
    </Filter>
    <Filter Include="Source Files\Engine\Entity\Components">
      <UniqueIdentifier>{4d60cbd8-829e-4c16-9297-e2c1b5dc1727}</UniqueIdentifier>
    </Filter>
    <Filter Include="Source Files\Engine\Entity\Components\Physical">
      <UniqueIdentifier>{175443be-0878-4289-a0a6-6bca8cde0a1f}</UniqueIdentifier>
    </Filter>
    <Filter Include="Source Files\Engine\Graphics\Camera">
      <UniqueIdentifier>{f8e2de34-d995-4e39-a564-9855abbee746}</UniqueIdentifier>
    </Filter>
    <Filter Include="Source Files\Engine\Systems\Input">
      <UniqueIdentifier>{e791ebaf-5669-4bcc-96f4-d6e362452901}</UniqueIdentifier>
    </Filter>
    <Filter Include="Source Files\Engine\Entity\EntityList">
      <UniqueIdentifier>{8a1e5d0c-42e6-4528-973b-ede6e4014687}</UniqueIdentifier>
    </Filter>
    <Filter Include="Source Files\Engine\Graphics\Models">
      <UniqueIdentifier>{9d1d2d1d-d856-4e73-9912-743408b81327}</UniqueIdentifier>
    </Filter>
    <Filter Include="Source Files\Engine\Entity\Components\Visual">
      <UniqueIdentifier>{6b43ca13-c8b0-4091-943f-1e20e7d8ce15}</UniqueIdentifier>
    </Filter>
    <Filter Include="Source Files\Engine\Graphics\Textures">
      <UniqueIdentifier>{9e24ff97-d4cb-43a8-8adc-b348864d07fa}</UniqueIdentifier>
    </Filter>
    <Filter Include="Source Files\Game\Scene">
      <UniqueIdentifier>{da33c589-cc58-4c9b-8aa7-a50b5f65066e}</UniqueIdentifier>
    </Filter>
  </ItemGroup>
  <ItemGroup>
    <ClInclude Include="Source\Engine\Graphics\Renderer.h">
      <Filter>Source Files\Engine\Graphics</Filter>
    </ClInclude>
    <ClInclude Include="Source\Stubs\stub.h">
      <Filter>Source Files\Stubs</Filter>
    </ClInclude>
    <ClInclude Include="Source\stdafx.h">
      <Filter>Source Files</Filter>
    </ClInclude>
    <ClInclude Include="Source\Windows\targetver.h">
      <Filter>Source Files\Windows</Filter>
    </ClInclude>
    <ClInclude Include="Source\Engine\EngineInstance.h">
      <Filter>Source Files\Engine</Filter>
    </ClInclude>
    <ClInclude Include="Source\Engine\GlowEngine.h">
      <Filter>Source Files\Engine</Filter>
    </ClInclude>
    <ClInclude Include="Source\Engine\Systems\Logger\Log.h">
      <Filter>Source Files\Engine\Systems\Logger</Filter>
    </ClInclude>
    <ClInclude Include="Source\Windows\Resource.h">
      <Filter>Source Files\Windows</Filter>
    </ClInclude>
    <ClInclude Include="Source\Engine\Math\GlowMath.h">
      <Filter>Source Files\Engine\Math</Filter>
    </ClInclude>
    <ClInclude Include="Source\Engine\Math\Vertex.h">
      <Filter>Source Files\Engine\Math</Filter>
    </ClInclude>
    <ClInclude Include="Source\Engine\Entity\Entity.h">
      <Filter>Source Files\Engine\Entity</Filter>
    </ClInclude>
    <ClInclude Include="Source\Engine\Systems\Parsing\json.hpp">
      <Filter>Source Files\Engine\Systems\Parsing</Filter>
    </ClInclude>
    <ClInclude Include="Source\Engine\Systems\Parsing\json_fwd.hpp">
      <Filter>Source Files\Engine\Systems\Parsing</Filter>
    </ClInclude>
    <ClInclude Include="Source\Engine\Entity\Components\Component.h">
      <Filter>Source Files\Engine\Entity\Components</Filter>
    </ClInclude>
    <ClInclude Include="Source\Engine\Entity\Components\Physical\Transform.h">
      <Filter>Source Files\Engine\Entity\Components\Physical</Filter>
    </ClInclude>
    <ClInclude Include="Source\Engine\Graphics\Camera\Camera.h">
      <Filter>Source Files\Engine\Graphics\Camera</Filter>
    </ClInclude>
    <ClInclude Include="Source\Engine\Systems\Input\Input.h">
      <Filter>Source Files\Engine\Systems\Input</Filter>
    </ClInclude>
    <ClInclude Include="Source\Engine\Entity\EntityList\EntityList.h">
      <Filter>Source Files\Engine\Entity\EntityList</Filter>
    </ClInclude>
    <ClInclude Include="Source\Engine\Systems\Parsing\ObjectLoader.h">
      <Filter>Source Files\Engine\Systems\Parsing</Filter>
    </ClInclude>
    <ClInclude Include="Source\Engine\Graphics\Models\Model.h">
      <Filter>Source Files\Engine\Graphics\Models</Filter>
    </ClInclude>
    <ClInclude Include="Source\Engine\Graphics\Models\ModelLibrary.h">
      <Filter>Source Files\Engine\Graphics\Models</Filter>
    </ClInclude>
    <ClInclude Include="Source\Engine\Entity\Components\Visual\Sprite3D.h">
      <Filter>Source Files\Engine\Entity\Components\Visual</Filter>
    </ClInclude>
    <ClInclude Include="Source\Engine\Graphics\Textures\Texture.h">
      <Filter>Source Files\Engine\Graphics\Textures</Filter>
    </ClInclude>
    <ClInclude Include="Source\Engine\Graphics\Textures\TextureLibrary.h">
      <Filter>Source Files\Engine\Graphics\Textures</Filter>
    </ClInclude>
    <ClInclude Include="Source\Engine\Graphics\Textures\stb_image.h">
      <Filter>Source Files\Engine\Graphics\Textures</Filter>
    </ClInclude>
    <ClInclude Include="Source\Game\Scene\Scene.h">
      <Filter>Source Files\Game\Scene</Filter>
    </ClInclude>
    <ClInclude Include="Source\Engine\Math\Random.h">
      <Filter>Source Files\Engine\Math</Filter>
    </ClInclude>
  </ItemGroup>
  <ItemGroup>
    <ClCompile Include="Source\Engine\main.cpp">
      <Filter>Source Files\Engine</Filter>
    </ClCompile>
    <ClCompile Include="Source\Engine\Graphics\Renderer.cpp">
      <Filter>Source Files\Engine\Graphics</Filter>
    </ClCompile>
    <ClCompile Include="Source\Engine\EngineInstance.cpp">
      <Filter>Source Files\Engine</Filter>
    </ClCompile>
    <ClCompile Include="Source\Engine\GlowEngine.cpp">
      <Filter>Source Files\Engine</Filter>
    </ClCompile>
    <ClCompile Include="Source\stdafx.cpp">
      <Filter>Source Files</Filter>
    </ClCompile>
    <ClCompile Include="Source\Stubs\stub.cpp">
      <Filter>Source Files\Stubs</Filter>
    </ClCompile>
    <ClCompile Include="Source\Engine\Systems\Logger\Log.cpp">
      <Filter>Source Files\Engine\Systems\Logger</Filter>
    </ClCompile>
    <ClCompile Include="Source\Engine\Math\GlowMath.cpp">
      <Filter>Source Files\Engine\Math</Filter>
    </ClCompile>
    <ClCompile Include="Source\Engine\Math\Vertex.cpp">
      <Filter>Source Files\Engine\Math</Filter>
    </ClCompile>
    <ClCompile Include="Source\Engine\Entity\Entity.cpp">
      <Filter>Source Files\Engine\Entity</Filter>
    </ClCompile>
    <ClCompile Include="Source\Engine\Entity\Components\Component.cpp">
      <Filter>Source Files\Engine\Entity\Components</Filter>
    </ClCompile>
    <ClCompile Include="Source\Engine\Entity\Components\Physical\Transform.cpp">
      <Filter>Source Files\Engine\Entity\Components\Physical</Filter>
    </ClCompile>
    <ClCompile Include="Source\Engine\Graphics\Camera\Camera.cpp">
      <Filter>Source Files\Engine\Graphics\Camera</Filter>
    </ClCompile>
    <ClCompile Include="Source\Engine\Systems\Input\Input.cpp">
      <Filter>Source Files\Engine\Systems\Input</Filter>
    </ClCompile>
    <ClCompile Include="Source\Engine\Entity\EntityList\EntityList.cpp">
      <Filter>Source Files\Engine\Entity\EntityList</Filter>
    </ClCompile>
    <ClCompile Include="Source\Engine\Systems\Parsing\ObjectLoader.cpp">
      <Filter>Source Files\Engine\Systems\Parsing</Filter>
    </ClCompile>
    <ClCompile Include="Source\Engine\Graphics\Models\Model.cpp">
      <Filter>Source Files\Engine\Graphics\Models</Filter>
    </ClCompile>
    <ClCompile Include="Source\Engine\Graphics\Models\ModelLibrary.cpp">
      <Filter>Source Files\Engine\Graphics\Models</Filter>
    </ClCompile>
    <ClCompile Include="Source\Engine\Entity\Components\Visual\Sprite3D.cpp">
      <Filter>Source Files\Engine\Entity\Components\Visual</Filter>
    </ClCompile>
    <ClCompile Include="Source\Engine\Graphics\Textures\Texture.cpp">
      <Filter>Source Files\Engine\Graphics\Textures</Filter>
    </ClCompile>
    <ClCompile Include="Source\Engine\Graphics\Textures\TextureLibrary.cpp">
      <Filter>Source Files\Engine\Graphics\Textures</Filter>
    </ClCompile>
    <ClCompile Include="Source\Game\Scene\Scene.cpp">
      <Filter>Source Files\Game\Scene</Filter>
    </ClCompile>
  </ItemGroup>
  <ItemGroup>
    <Image Include="Source\Windows\GlowEngine.ico">
      <Filter>Source Files\Windows</Filter>
    </Image>
    <Image Include="Source\Windows\small.ico">
      <Filter>Source Files\Windows</Filter>
    </Image>
  </ItemGroup>
  <ItemGroup>
    <ResourceCompile Include="Source\Windows\GlowEngine.rc">
      <Filter>Source Files\Windows</Filter>
    </ResourceCompile>
  </ItemGroup>
  <ItemGroup>
    <FxCompile Include="Source\Shaders\PixelShader.hlsl">
      <Filter>Source Files\Shaders</Filter>
    </FxCompile>
    <FxCompile Include="Source\Shaders\VertexShader.hlsl">
      <Filter>Source Files\Shaders</Filter>
    </FxCompile>
  </ItemGroup>
</Project>